// !$*UTF8*$!
{
	archiveVersion = 1;
	classes = {
	};
	objectVersion = 50;
	objects = {

/* Begin PBXBuildFile section */
		FDB9060B24ED5D5F00F74EAA /* AppDelegate.swift in Sources */ = {isa = PBXBuildFile; fileRef = FDB9060A24ED5D5F00F74EAA /* AppDelegate.swift */; };
		FDB9060D24ED5D5F00F74EAA /* SceneDelegate.swift in Sources */ = {isa = PBXBuildFile; fileRef = FDB9060C24ED5D5F00F74EAA /* SceneDelegate.swift */; };
		FDB9060F24ED5D5F00F74EAA /* ViewController.swift in Sources */ = {isa = PBXBuildFile; fileRef = FDB9060E24ED5D5F00F74EAA /* ViewController.swift */; };
		FDB9061224ED5D5F00F74EAA /* Main.storyboard in Resources */ = {isa = PBXBuildFile; fileRef = FDB9061024ED5D5F00F74EAA /* Main.storyboard */; };
		FDB9061424ED5D6000F74EAA /* Assets.xcassets in Resources */ = {isa = PBXBuildFile; fileRef = FDB9061324ED5D6000F74EAA /* Assets.xcassets */; };
		FDB9061724ED5D6000F74EAA /* LaunchScreen.storyboard in Resources */ = {isa = PBXBuildFile; fileRef = FDB9061524ED5D6000F74EAA /* LaunchScreen.storyboard */; };
/* End PBXBuildFile section */

/* Begin PBXFileReference section */
		FDB9060724ED5D5F00F74EAA /* userDefaultSetting.app */ = {isa = PBXFileReference; explicitFileType = wrapper.application; includeInIndex = 0; path = userDefaultSetting.app; sourceTree = BUILT_PRODUCTS_DIR; };
		FDB9060A24ED5D5F00F74EAA /* AppDelegate.swift */ = {isa = PBXFileReference; lastKnownFileType = sourcecode.swift; path = AppDelegate.swift; sourceTree = "<group>"; };
		FDB9060C24ED5D5F00F74EAA /* SceneDelegate.swift */ = {isa = PBXFileReference; lastKnownFileType = sourcecode.swift; path = SceneDelegate.swift; sourceTree = "<group>"; };
		FDB9060E24ED5D5F00F74EAA /* ViewController.swift */ = {isa = PBXFileReference; lastKnownFileType = sourcecode.swift; path = ViewController.swift; sourceTree = "<group>"; };
		FDB9061124ED5D5F00F74EAA /* Base */ = {isa = PBXFileReference; lastKnownFileType = file.storyboard; name = Base; path = Base.lproj/Main.storyboard; sourceTree = "<group>"; };
		FDB9061324ED5D6000F74EAA /* Assets.xcassets */ = {isa = PBXFileReference; lastKnownFileType = folder.assetcatalog; path = Assets.xcassets; sourceTree = "<group>"; };
		FDB9061624ED5D6000F74EAA /* Base */ = {isa = PBXFileReference; lastKnownFileType = file.storyboard; name = Base; path = Base.lproj/LaunchScreen.storyboard; sourceTree = "<group>"; };
		FDB9061824ED5D6000F74EAA /* Info.plist */ = {isa = PBXFileReference; lastKnownFileType = text.plist.xml; path = Info.plist; sourceTree = "<group>"; };
/* End PBXFileReference section */

/* Begin PBXFrameworksBuildPhase section */
		FDB9060424ED5D5F00F74EAA /* Frameworks */ = {
			isa = PBXFrameworksBuildPhase;
			buildActionMask = 2147483647;
			files = (
			);
			runOnlyForDeploymentPostprocessing = 0;
		};
/* End PBXFrameworksBuildPhase section */

/* Begin PBXGroup section */
		FDB905FE24ED5D5F00F74EAA = {
			isa = PBXGroup;
			children = (
				FDB9060924ED5D5F00F74EAA /* userDefaultSetting */,
				FDB9060824ED5D5F00F74EAA /* Products */,
			);
			sourceTree = "<group>";
		};
		FDB9060824ED5D5F00F74EAA /* Products */ = {
			isa = PBXGroup;
			children = (
				FDB9060724ED5D5F00F74EAA /* userDefaultSetting.app */,
			);
			name = Products;
			sourceTree = "<group>";
		};
		FDB9060924ED5D5F00F74EAA /* userDefaultSetting */ = {
			isa = PBXGroup;
			children = (
				FDB9060A24ED5D5F00F74EAA /* AppDelegate.swift */,
				FDB9060C24ED5D5F00F74EAA /* SceneDelegate.swift */,
				FDB9060E24ED5D5F00F74EAA /* ViewController.swift */,
				FDB9061024ED5D5F00F74EAA /* Main.storyboard */,
				FDB9061324ED5D6000F74EAA /* Assets.xcassets */,
				FDB9061524ED5D6000F74EAA /* LaunchScreen.storyboard */,
				FDB9061824ED5D6000F74EAA /* Info.plist */,
			);
			path = userDefaultSetting;
			sourceTree = "<group>";
		};
/* End PBXGroup section */

/* Begin PBXNativeTarget section */
		FDB9060624ED5D5F00F74EAA /* userDefaultSetting */ = {
			isa = PBXNativeTarget;
			buildConfigurationList = FDB9061B24ED5D6000F74EAA /* Build configuration list for PBXNativeTarget "userDefaultSetting" */;
			buildPhases = (
				FDB9060324ED5D5F00F74EAA /* Sources */,
				FDB9060424ED5D5F00F74EAA /* Frameworks */,
				FDB9060524ED5D5F00F74EAA /* Resources */,
			);
			buildRules = (
			);
			dependencies = (
			);
			name = userDefaultSetting;
			productName = userDefaultSetting;
			productReference = FDB9060724ED5D5F00F74EAA /* userDefaultSetting.app */;
			productType = "com.apple.product-type.application";
		};
/* End PBXNativeTarget section */

/* Begin PBXProject section */
		FDB905FF24ED5D5F00F74EAA /* Project object */ = {
			isa = PBXProject;
			attributes = {
				LastSwiftUpdateCheck = 1150;
				LastUpgradeCheck = 1150;
				ORGANIZATIONNAME = SAFCSP;
				TargetAttributes = {
					FDB9060624ED5D5F00F74EAA = {
						CreatedOnToolsVersion = 11.5;
					};
				};
			};
			buildConfigurationList = FDB9060224ED5D5F00F74EAA /* Build configuration list for PBXProject "userDefaultSetting" */;
			compatibilityVersion = "Xcode 9.3";
			developmentRegion = en;
			hasScannedForEncodings = 0;
			knownRegions = (
				en,
				Base,
			);
			mainGroup = FDB905FE24ED5D5F00F74EAA;
			productRefGroup = FDB9060824ED5D5F00F74EAA /* Products */;
			projectDirPath = "";
			projectRoot = "";
			targets = (
				FDB9060624ED5D5F00F74EAA /* userDefaultSetting */,
			);
		};
/* End PBXProject section */

/* Begin PBXResourcesBuildPhase section */
		FDB9060524ED5D5F00F74EAA /* Resources */ = {
			isa = PBXResourcesBuildPhase;
			buildActionMask = 2147483647;
			files = (
				FDB9061724ED5D6000F74EAA /* LaunchScreen.storyboard in Resources */,
				FDB9061424ED5D6000F74EAA /* Assets.xcassets in Resources */,
				FDB9061224ED5D5F00F74EAA /* Main.storyboard in Resources */,
			);
			runOnlyForDeploymentPostprocessing = 0;
		};
/* End PBXResourcesBuildPhase section */

/* Begin PBXSourcesBuildPhase section */
		FDB9060324ED5D5F00F74EAA /* Sources */ = {
			isa = PBXSourcesBuildPhase;
			buildActionMask = 2147483647;
			files = (
				FDB9060F24ED5D5F00F74EAA /* ViewController.swift in Sources */,
				FDB9060B24ED5D5F00F74EAA /* AppDelegate.swift in Sources */,
				FDB9060D24ED5D5F00F74EAA /* SceneDelegate.swift in Sources */,
			);
			runOnlyForDeploymentPostprocessing = 0;
		};
/* End PBXSourcesBuildPhase section */

/* Begin PBXVariantGroup section */
		FDB9061024ED5D5F00F74EAA /* Main.storyboard */ = {
			isa = PBXVariantGroup;
			children = (
				FDB9061124ED5D5F00F74EAA /* Base */,
			);
			name = Main.storyboard;
			sourceTree = "<group>";
		};
		FDB9061524ED5D6000F74EAA /* LaunchScreen.storyboard */ = {
			isa = PBXVariantGroup;
			children = (
				FDB9061624ED5D6000F74EAA /* Base */,
			);
			name = LaunchScreen.storyboard;
			sourceTree = "<group>";
		};
/* End PBXVariantGroup section */

/* Begin XCBuildConfiguration section */
		FDB9061924ED5D6000F74EAA /* Debug */ = {
			isa = XCBuildConfiguration;
			buildSettings = {
				ALWAYS_SEARCH_USER_PATHS = NO;
				CLANG_ANALYZER_NONNULL = YES;
				CLANG_ANALYZER_NUMBER_OBJECT_CONVERSION = YES_AGGRESSIVE;
				CLANG_CXX_LANGUAGE_STANDARD = "gnu++14";
				CLANG_CXX_LIBRARY = "libc++";
				CLANG_ENABLE_MODULES = YES;
				CLANG_ENABLE_OBJC_ARC = YES;
				CLANG_ENABLE_OBJC_WEAK = YES;
				CLANG_WARN_BLOCK_CAPTURE_AUTORELEASING = YES;
				CLANG_WARN_BOOL_CONVERSION = YES;
				CLANG_WARN_COMMA = YES;
				CLANG_WARN_CONSTANT_CONVERSION = YES;
				CLANG_WARN_DEPRECATED_OBJC_IMPLEMENTATIONS = YES;
				CLANG_WARN_DIRECT_OBJC_ISA_USAGE = YES_ERROR;
				CLANG_WARN_DOCUMENTATION_COMMENTS = YES;
				CLANG_WARN_EMPTY_BODY = YES;
				CLANG_WARN_ENUM_CONVERSION = YES;
				CLANG_WARN_INFINITE_RECURSION = YES;
				CLANG_WARN_INT_CONVERSION = YES;
				CLANG_WARN_NON_LITERAL_NULL_CONVERSION = YES;
				CLANG_WARN_OBJC_IMPLICIT_RETAIN_SELF = YES;
				CLANG_WARN_OBJC_LITERAL_CONVERSION = YES;
				CLANG_WARN_OBJC_ROOT_CLASS = YES_ERROR;
				CLANG_WARN_RANGE_LOOP_ANALYSIS = YES;
				CLANG_WARN_STRICT_PROTOTYPES = YES;
				CLANG_WARN_SUSPICIOUS_MOVE = YES;
				CLANG_WARN_UNGUARDED_AVAILABILITY = YES_AGGRESSIVE;
				CLANG_WARN_UNREACHABLE_CODE = YES;
				CLANG_WARN__DUPLICATE_METHOD_MATCH = YES;
				COPY_PHASE_STRIP = NO;
				DEBUG_INFORMATION_FORMAT = dwarf;
				ENABLE_STRICT_OBJC_MSGSEND = YES;
				ENABLE_TESTABILITY = YES;
				GCC_C_LANGUAGE_STANDARD = gnu11;
				GCC_DYNAMIC_NO_PIC = NO;
				GCC_NO_COMMON_BLOCKS = YES;
				GCC_OPTIMIZATION_LEVEL = 0;
				GCC_PREPROCESSOR_DEFINITIONS = (
					"DEBUG=1",
					"$(inherited)",
				);
				GCC_WARN_64_TO_32_BIT_CONVERSION = YES;
				GCC_WARN_ABOUT_RETURN_TYPE = YES_ERROR;
				GCC_WARN_UNDECLARED_SELECTOR = YES;
				GCC_WARN_UNINITIALIZED_AUTOS = YES_AGGRESSIVE;
				GCC_WARN_UNUSED_FUNCTION = YES;
				GCC_WARN_UNUSED_VARIABLE = YES;
				IPHONEOS_DEPLOYMENT_TARGET = 15.0;
				MTL_ENABLE_DEBUG_INFO = INCLUDE_SOURCE;
				MTL_FAST_MATH = YES;
				ONLY_ACTIVE_ARCH = YES;
				SDKROOT = iphoneos;
				SWIFT_ACTIVE_COMPILATION_CONDITIONS = DEBUG;
				SWIFT_OPTIMIZATION_LEVEL = "-Onone";
			};
			name = Debug;
		};
		FDB9061A24ED5D6000F74EAA /* Release */ = {
			isa = XCBuildConfiguration;
			buildSettings = {
				ALWAYS_SEARCH_USER_PATHS = NO;
				CLANG_ANALYZER_NONNULL = YES;
				CLANG_ANALYZER_NUMBER_OBJECT_CONVERSION = YES_AGGRESSIVE;
				CLANG_CXX_LANGUAGE_STANDARD = "gnu++14";
				CLANG_CXX_LIBRARY = "libc++";
				CLANG_ENABLE_MODULES = YES;
				CLANG_ENABLE_OBJC_ARC = YES;
				CLANG_ENABLE_OBJC_WEAK = YES;
				CLANG_WARN_BLOCK_CAPTURE_AUTORELEASING = YES;
				CLANG_WARN_BOOL_CONVERSION = YES;
				CLANG_WARN_COMMA = YES;
				CLANG_WARN_CONSTANT_CONVERSION = YES;
				CLANG_WARN_DEPRECATED_OBJC_IMPLEMENTATIONS = YES;
				CLANG_WARN_DIRECT_OBJC_ISA_USAGE = YES_ERROR;
				CLANG_WARN_DOCUMENTATION_COMMENTS = YES;
				CLANG_WARN_EMPTY_BODY = YES;
				CLANG_WARN_ENUM_CONVERSION = YES;
				CLANG_WARN_INFINITE_RECURSION = YES;
				CLANG_WARN_INT_CONVERSION = YES;
				CLANG_WARN_NON_LITERAL_NULL_CONVERSION = YES;
				CLANG_WARN_OBJC_IMPLICIT_RETAIN_SELF = YES;
				CLANG_WARN_OBJC_LITERAL_CONVERSION = YES;
				CLANG_WARN_OBJC_ROOT_CLASS = YES_ERROR;
				CLANG_WARN_RANGE_LOOP_ANALYSIS = YES;
				CLANG_WARN_STRICT_PROTOTYPES = YES;
				CLANG_WARN_SUSPICIOUS_MOVE = YES;
				CLANG_WARN_UNGUARDED_AVAILABILITY = YES_AGGRESSIVE;
				CLANG_WARN_UNREACHABLE_CODE = YES;
				CLANG_WARN__DUPLICATE_METHOD_MATCH = YES;
				COPY_PHASE_STRIP = NO;
				DEBUG_INFORMATION_FORMAT = "dwarf-with-dsym";
				ENABLE_NS_ASSERTIONS = NO;
				ENABLE_STRICT_OBJC_MSGSEND = YES;
				GCC_C_LANGUAGE_STANDARD = gnu11;
				GCC_NO_COMMON_BLOCKS = YES;
				GCC_WARN_64_TO_32_BIT_CONVERSION = YES;
				GCC_WARN_ABOUT_RETURN_TYPE = YES_ERROR;
				GCC_WARN_UNDECLARED_SELECTOR = YES;
				GCC_WARN_UNINITIALIZED_AUTOS = YES_AGGRESSIVE;
				GCC_WARN_UNUSED_FUNCTION = YES;
				GCC_WARN_UNUSED_VARIABLE = YES;
				IPHONEOS_DEPLOYMENT_TARGET = 15.0;
				MTL_ENABLE_DEBUG_INFO = NO;
				MTL_FAST_MATH = YES;
				SDKROOT = iphoneos;
				SWIFT_COMPILATION_MODE = wholemodule;
				SWIFT_OPTIMIZATION_LEVEL = "-O";
				VALIDATE_PRODUCT = YES;
			};
			name = Release;
		};
		FDB9061C24ED5D6000F74EAA /* Debug */ = {
			isa = XCBuildConfiguration;
			buildSettings = {
				ASSETCATALOG_COMPILER_APPICON_NAME = AppIcon;
				CODE_SIGN_STYLE = Automatic;
				DEVELOPMENT_TEAM = N77Z79C287;
				INFOPLIST_FILE = userDefaultSetting/Info.plist;
				LD_RUNPATH_SEARCH_PATHS = (
					"$(inherited)",
					"@executable_path/Frameworks",
				);
				PRODUCT_BUNDLE_IDENTIFIER = SAFCSP.userDefaultSetting;
				PRODUCT_NAME = "$(TARGET_NAME)";
				SWIFT_VERSION = 5.0;
				TARGETED_DEVICE_FAMILY = "1,2";
			};
			name = Debug;
		};
		FDB9061D24ED5D6000F74EAA /* Release */ = {
			isa = XCBuildConfiguration;
			buildSettings = {
				ASSETCATALOG_COMPILER_APPICON_NAME = AppIcon;
				CODE_SIGN_STYLE = Automatic;
				DEVELOPMENT_TEAM = N77Z79C287;
				INFOPLIST_FILE = userDefaultSetting/Info.plist;
				LD_RUNPATH_SEARCH_PATHS = (
					"$(inherited)",
					"@executable_path/Frameworks",
				);
				PRODUCT_BUNDLE_IDENTIFIER = SAFCSP.userDefaultSetting;
				PRODUCT_NAME = "$(TARGET_NAME)";
				SWIFT_VERSION = 5.0;
				TARGETED_DEVICE_FAMILY = "1,2";
			};
			name = Release;
		};
/* End XCBuildConfiguration section */

/* Begin XCConfigurationList section */
		FDB9060224ED5D5F00F74EAA /* Build configuration list for PBXProject "userDefaultSetting" */ = {
			isa = XCConfigurationList;
			buildConfigurations = (
				FDB9061924ED5D6000F74EAA /* Debug */,
				FDB9061A24ED5D6000F74EAA /* Release */,
			);
			defaultConfigurationIsVisible = 0;
			defaultConfigurationName = Release;
		};
		FDB9061B24ED5D6000F74EAA /* Build configuration list for PBXNativeTarget "userDefaultSetting" */ = {
			isa = XCConfigurationList;
			buildConfigurations = (
				FDB9061C24ED5D6000F74EAA /* Debug */,
				FDB9061D24ED5D6000F74EAA /* Release */,
			);
			defaultConfigurationIsVisible = 0;
			defaultConfigurationName = Release;
		};
/* End XCConfigurationList section */
	};
	rootObject = FDB905FF24ED5D5F00F74EAA /* Project object */;
}
